
Microsoft Visual Studio Solution File, Format Version 12.00
# Visual Studio Version 16
VisualStudioVersion = 16.0.30717.126
MinimumVisualStudioVersion = 10.0.40219.1
Project("{FAE04EC0-301F-11D3-BF4B-00C04F79EFBC}") = "myFormApp1", "myFormApp1\myFormApp1.csproj", "{A82217EF-86AF-4BC7-8BBC-0A494B3327F6}"
EndProject
Global
	GlobalSection(SolutionConfigurationPlatforms) = preSolution
		Debug|Any CPU = Debug|Any CPU
		Release|Any CPU = Release|Any CPU
	EndGlobalSection
	GlobalSection(ProjectConfigurationPlatforms) = postSolution
		{A82217EF-86AF-4BC7-8BBC-0A494B3327F6}.Debug|Any CPU.ActiveCfg = Debug|Any CPU
		{A82217EF-86AF-4BC7-8BBC-0A494B3327F6}.Debug|Any CPU.Build.0 = Debug|Any CPU
		{A82217EF-86AF-4BC7-8BBC-0A494B3327F6}.Release|Any CPU.ActiveCfg = Release|Any CPU
		{A82217EF-86AF-4BC7-8BBC-0A494B3327F6}.Release|Any CPU.Build.0 = Release|Any CPU
	EndGlobalSection
	GlobalSection(SolutionProperties) = preSolution
		HideSolutionNode = FALSE
	EndGlobalSection
	GlobalSection(ExtensibilityGlobals) = postSolution
		SolutionGuid = {6E8AC037-CF61-4A70-95ED-D21679F42E1F}
	EndGlobalSection
EndGlobal
